
Microsoft Visual Studio Solution File, Format Version 12.00
Project("{FAE04EC0-301F-11D3-BF4B-00C04F79EFBC}") = "MRZParser", "MRZParser\MRZParser.csproj", "{4208856B-F18F-48EB-9F39-3CF4EFB13999}"
EndProject
Project("{FAE04EC0-301F-11D3-BF4B-00C04F79EFBC}") = "MRZParser.Tests", "MRZParser.Tests\MRZParser.Tests.csproj", "{06E2BC33-38E1-48B2-8C33-AB3E5B4E3473}"
EndProject
Global
	GlobalSection(SolutionConfigurationPlatforms) = preSolution
		Debug|Any CPU = Debug|Any CPU
		Release|Any CPU = Release|Any CPU
	EndGlobalSection
	GlobalSection(ProjectConfigurationPlatforms) = postSolution
		{4208856B-F18F-48EB-9F39-3CF4EFB13999}.Debug|Any CPU.ActiveCfg = Debug|Any CPU
		{4208856B-F18F-48EB-9F39-3CF4EFB13999}.Debug|Any CPU.Build.0 = Debug|Any CPU
		{4208856B-F18F-48EB-9F39-3CF4EFB13999}.Release|Any CPU.ActiveCfg = Release|Any CPU
		{4208856B-F18F-48EB-9F39-3CF4EFB13999}.Release|Any CPU.Build.0 = Release|Any CPU
		{06E2BC33-38E1-48B2-8C33-AB3E5B4E3473}.Debug|Any CPU.ActiveCfg = Debug|Any CPU
		{06E2BC33-38E1-48B2-8C33-AB3E5B4E3473}.Debug|Any CPU.Build.0 = Debug|Any CPU
		{06E2BC33-38E1-48B2-8C33-AB3E5B4E3473}.Release|Any CPU.ActiveCfg = Release|Any CPU
		{06E2BC33-38E1-48B2-8C33-AB3E5B4E3473}.Release|Any CPU.Build.0 = Release|Any CPU
	EndGlobalSection
EndGlobal
